// !$*UTF8*$!
{
	archiveVersion = 1;
	classes = {
	};
	objectVersion = 50;
	objects = {

/* Begin PBXBuildFile section */
		1226336BF4ABB56D66EA6E4A /* Pods_Alpaca.framework in Frameworks */ = {isa = PBXBuildFile; fileRef = 110924E4F6AC50B1E9122C18 /* Pods_Alpaca.framework */; };
		5D0169BC210BC92300620EFE /* List.swift in Sources */ = {isa = PBXBuildFile; fileRef = 5D0169BB210BC92300620EFE /* List.swift */; };
		5D0169BE210BC92F00620EFE /* Item.swift in Sources */ = {isa = PBXBuildFile; fileRef = 5D0169BD210BC92F00620EFE /* Item.swift */; };
		5D24BEE9210BC5F50061CDCB /* ListItemsTableViewController.swift in Sources */ = {isa = PBXBuildFile; fileRef = 5D24BEE8210BC5F50061CDCB /* ListItemsTableViewController.swift */; };
		5D526E9021055B2F00A28131 /* AppDelegate.swift in Sources */ = {isa = PBXBuildFile; fileRef = 5D526E8F21055B2F00A28131 /* AppDelegate.swift */; };
		5D526E9221055B2F00A28131 /* SwipeTableViewController.swift in Sources */ = {isa = PBXBuildFile; fileRef = 5D526E9121055B2F00A28131 /* SwipeTableViewController.swift */; };
		5D526E9521055B2F00A28131 /* Main.storyboard in Resources */ = {isa = PBXBuildFile; fileRef = 5D526E9321055B2F00A28131 /* Main.storyboard */; };
		5D526E9721055B3000A28131 /* Assets.xcassets in Resources */ = {isa = PBXBuildFile; fileRef = 5D526E9621055B3000A28131 /* Assets.xcassets */; };
		5D526E9A21055B3000A28131 /* LaunchScreen.storyboard in Resources */ = {isa = PBXBuildFile; fileRef = 5D526E9821055B3000A28131 /* LaunchScreen.storyboard */; };
		5D79FE34210D1E8F00A72030 /* EventItemsTableViewController.swift in Sources */ = {isa = PBXBuildFile; fileRef = 5D79FE33210D1E8F00A72030 /* EventItemsTableViewController.swift */; };
		5D79FE36210D1EF100A72030 /* Event.swift in Sources */ = {isa = PBXBuildFile; fileRef = 5D79FE35210D1EF100A72030 /* Event.swift */; };
		5DBC24E82106DC06006AAE85 /* EventTableViewController.swift in Sources */ = {isa = PBXBuildFile; fileRef = 5DBC24E72106DC06006AAE85 /* EventTableViewController.swift */; };
		5DBC24EA2106DC11006AAE85 /* ListTableViewController.swift in Sources */ = {isa = PBXBuildFile; fileRef = 5DBC24E92106DC11006AAE85 /* ListTableViewController.swift */; };
/* End PBXBuildFile section */

/* Begin PBXFileReference section */
		110924E4F6AC50B1E9122C18 /* Pods_Alpaca.framework */ = {isa = PBXFileReference; explicitFileType = wrapper.framework; includeInIndex = 0; path = Pods_Alpaca.framework; sourceTree = BUILT_PRODUCTS_DIR; };
		5D0169BB210BC92300620EFE /* List.swift */ = {isa = PBXFileReference; lastKnownFileType = sourcecode.swift; path = List.swift; sourceTree = "<group>"; };
		5D0169BD210BC92F00620EFE /* Item.swift */ = {isa = PBXFileReference; lastKnownFileType = sourcecode.swift; path = Item.swift; sourceTree = "<group>"; };
		5D24BEE8210BC5F50061CDCB /* ListItemsTableViewController.swift */ = {isa = PBXFileReference; lastKnownFileType = sourcecode.swift; path = ListItemsTableViewController.swift; sourceTree = "<group>"; };
		5D526E8C21055B2F00A28131 /* Alpaca.app */ = {isa = PBXFileReference; explicitFileType = wrapper.application; includeInIndex = 0; path = Alpaca.app; sourceTree = BUILT_PRODUCTS_DIR; };
		5D526E8F21055B2F00A28131 /* AppDelegate.swift */ = {isa = PBXFileReference; lastKnownFileType = sourcecode.swift; path = AppDelegate.swift; sourceTree = "<group>"; };
		5D526E9121055B2F00A28131 /* SwipeTableViewController.swift */ = {isa = PBXFileReference; lastKnownFileType = sourcecode.swift; path = SwipeTableViewController.swift; sourceTree = "<group>"; };
		5D526E9421055B2F00A28131 /* Base */ = {isa = PBXFileReference; lastKnownFileType = file.storyboard; name = Base; path = Base.lproj/Main.storyboard; sourceTree = "<group>"; };
		5D526E9621055B3000A28131 /* Assets.xcassets */ = {isa = PBXFileReference; lastKnownFileType = folder.assetcatalog; path = Assets.xcassets; sourceTree = "<group>"; };
		5D526E9921055B3000A28131 /* Base */ = {isa = PBXFileReference; lastKnownFileType = file.storyboard; name = Base; path = Base.lproj/LaunchScreen.storyboard; sourceTree = "<group>"; };
		5D526E9B21055B3000A28131 /* Info.plist */ = {isa = PBXFileReference; lastKnownFileType = text.plist.xml; path = Info.plist; sourceTree = "<group>"; };
		5D79FE33210D1E8F00A72030 /* EventItemsTableViewController.swift */ = {isa = PBXFileReference; lastKnownFileType = sourcecode.swift; path = EventItemsTableViewController.swift; sourceTree = "<group>"; };
		5D79FE35210D1EF100A72030 /* Event.swift */ = {isa = PBXFileReference; lastKnownFileType = sourcecode.swift; path = Event.swift; sourceTree = "<group>"; };
		5DBC24E72106DC06006AAE85 /* EventTableViewController.swift */ = {isa = PBXFileReference; lastKnownFileType = sourcecode.swift; path = EventTableViewController.swift; sourceTree = "<group>"; };
		5DBC24E92106DC11006AAE85 /* ListTableViewController.swift */ = {isa = PBXFileReference; lastKnownFileType = sourcecode.swift; path = ListTableViewController.swift; sourceTree = "<group>"; };
		B03258CCDA21EF2DDF1F0919 /* Pods-Alpaca.release.xcconfig */ = {isa = PBXFileReference; includeInIndex = 1; lastKnownFileType = text.xcconfig; name = "Pods-Alpaca.release.xcconfig"; path = "Pods/Target Support Files/Pods-Alpaca/Pods-Alpaca.release.xcconfig"; sourceTree = "<group>"; };
		D57CC8F2B9F8A36B8AC7E1D1 /* Pods-Alpaca.debug.xcconfig */ = {isa = PBXFileReference; includeInIndex = 1; lastKnownFileType = text.xcconfig; name = "Pods-Alpaca.debug.xcconfig"; path = "Pods/Target Support Files/Pods-Alpaca/Pods-Alpaca.debug.xcconfig"; sourceTree = "<group>"; };
/* End PBXFileReference section */

/* Begin PBXFrameworksBuildPhase section */
		5D526E8921055B2F00A28131 /* Frameworks */ = {
			isa = PBXFrameworksBuildPhase;
			buildActionMask = 2147483647;
			files = (
				1226336BF4ABB56D66EA6E4A /* Pods_Alpaca.framework in Frameworks */,
			);
			runOnlyForDeploymentPostprocessing = 0;
		};
/* End PBXFrameworksBuildPhase section */

/* Begin PBXGroup section */
		5D24BEE4210BC1590061CDCB /* Data */ = {
			isa = PBXGroup;
			children = (
				5D0169BB210BC92300620EFE /* List.swift */,
				5D79FE35210D1EF100A72030 /* Event.swift */,
				5D0169BD210BC92F00620EFE /* Item.swift */,
			);
			path = Data;
			sourceTree = "<group>";
		};
		5D24BEE5210BC15C0061CDCB /* List Controllers */ = {
			isa = PBXGroup;
			children = (
				5DBC24E92106DC11006AAE85 /* ListTableViewController.swift */,
				5D24BEE8210BC5F50061CDCB /* ListItemsTableViewController.swift */,
			);
			path = "List Controllers";
			sourceTree = "<group>";
		};
		5D24BEE6210BC15E0061CDCB /* Views */ = {
			isa = PBXGroup;
			children = (
				5D526E9321055B2F00A28131 /* Main.storyboard */,
			);
			path = Views;
			sourceTree = "<group>";
		};
		5D24BEE7210BC1710061CDCB /* Supporting Files */ = {
			isa = PBXGroup;
			children = (
				5D526E9621055B3000A28131 /* Assets.xcassets */,
				5D526E9821055B3000A28131 /* LaunchScreen.storyboard */,
			);
			path = "Supporting Files";
			sourceTree = "<group>";
		};
		5D24BEEA210BC7280061CDCB /* Event Controllers */ = {
			isa = PBXGroup;
			children = (
				5DBC24E72106DC06006AAE85 /* EventTableViewController.swift */,
				5D79FE33210D1E8F00A72030 /* EventItemsTableViewController.swift */,
			);
			path = "Event Controllers";
			sourceTree = "<group>";
		};
		5D526E8321055B2F00A28131 = {
			isa = PBXGroup;
			children = (
				5D526E8E21055B2F00A28131 /* Alpaca */,
				5D526E8D21055B2F00A28131 /* Products */,
				C1D06C87F97AB104636F414D /* Pods */,
				7C9517800BC66D2270E7F3CD /* Frameworks */,
			);
			sourceTree = "<group>";
		};
		5D526E8D21055B2F00A28131 /* Products */ = {
			isa = PBXGroup;
			children = (
				5D526E8C21055B2F00A28131 /* Alpaca.app */,
			);
			name = Products;
			sourceTree = "<group>";
		};
		5D526E8E21055B2F00A28131 /* Alpaca */ = {
			isa = PBXGroup;
			children = (
				5D526E8F21055B2F00A28131 /* AppDelegate.swift */,
				5D526E9121055B2F00A28131 /* SwipeTableViewController.swift */,
				5D24BEE7210BC1710061CDCB /* Supporting Files */,
				5D24BEE6210BC15E0061CDCB /* Views */,
				5D24BEEA210BC7280061CDCB /* Event Controllers */,
				5D24BEE5210BC15C0061CDCB /* List Controllers */,
				5D24BEE4210BC1590061CDCB /* Data */,
				5D526E9B21055B3000A28131 /* Info.plist */,
			);
			path = Alpaca;
			sourceTree = "<group>";
		};
		7C9517800BC66D2270E7F3CD /* Frameworks */ = {
			isa = PBXGroup;
			children = (
				110924E4F6AC50B1E9122C18 /* Pods_Alpaca.framework */,
			);
			name = Frameworks;
			sourceTree = "<group>";
		};
		C1D06C87F97AB104636F414D /* Pods */ = {
			isa = PBXGroup;
			children = (
				D57CC8F2B9F8A36B8AC7E1D1 /* Pods-Alpaca.debug.xcconfig */,
				B03258CCDA21EF2DDF1F0919 /* Pods-Alpaca.release.xcconfig */,
			);
			name = Pods;
			sourceTree = "<group>";
		};
/* End PBXGroup section */

/* Begin PBXNativeTarget section */
		5D526E8B21055B2F00A28131 /* Alpaca */ = {
			isa = PBXNativeTarget;
			buildConfigurationList = 5D526E9E21055B3000A28131 /* Build configuration list for PBXNativeTarget "Alpaca" */;
			buildPhases = (
				EB2C0BE7515349CD79216B5B /* [CP] Check Pods Manifest.lock */,
				5D526E8821055B2F00A28131 /* Sources */,
				5D526E8921055B2F00A28131 /* Frameworks */,
				5D526E8A21055B2F00A28131 /* Resources */,
				82198A5F8EF0D5CAE5D58064 /* [CP] Embed Pods Frameworks */,
			);
			buildRules = (
			);
			dependencies = (
			);
			name = Alpaca;
			productName = Alpaca;
			productReference = 5D526E8C21055B2F00A28131 /* Alpaca.app */;
			productType = "com.apple.product-type.application";
		};
/* End PBXNativeTarget section */

/* Begin PBXProject section */
		5D526E8421055B2F00A28131 /* Project object */ = {
			isa = PBXProject;
			attributes = {
				LastSwiftUpdateCheck = 0940;
				LastUpgradeCheck = 0940;
				ORGANIZATIONNAME = "Paul Dickey";
				TargetAttributes = {
					5D526E8B21055B2F00A28131 = {
						CreatedOnToolsVersion = 9.4.1;
					};
				};
			};
			buildConfigurationList = 5D526E8721055B2F00A28131 /* Build configuration list for PBXProject "Alpaca" */;
			compatibilityVersion = "Xcode 9.3";
			developmentRegion = en;
			hasScannedForEncodings = 0;
			knownRegions = (
				en,
				Base,
			);
			mainGroup = 5D526E8321055B2F00A28131;
			productRefGroup = 5D526E8D21055B2F00A28131 /* Products */;
			projectDirPath = "";
			projectRoot = "";
			targets = (
				5D526E8B21055B2F00A28131 /* Alpaca */,
			);
		};
/* End PBXProject section */

/* Begin PBXResourcesBuildPhase section */
		5D526E8A21055B2F00A28131 /* Resources */ = {
			isa = PBXResourcesBuildPhase;
			buildActionMask = 2147483647;
			files = (
				5D526E9A21055B3000A28131 /* LaunchScreen.storyboard in Resources */,
				5D526E9721055B3000A28131 /* Assets.xcassets in Resources */,
				5D526E9521055B2F00A28131 /* Main.storyboard in Resources */,
			);
			runOnlyForDeploymentPostprocessing = 0;
		};
/* End PBXResourcesBuildPhase section */

/* Begin PBXShellScriptBuildPhase section */
		82198A5F8EF0D5CAE5D58064 /* [CP] Embed Pods Frameworks */ = {
			isa = PBXShellScriptBuildPhase;
			buildActionMask = 2147483647;
			files = (
			);
			inputPaths = (
				"${SRCROOT}/Pods/Target Support Files/Pods-Alpaca/Pods-Alpaca-frameworks.sh",
				"${BUILT_PRODUCTS_DIR}/Realm/Realm.framework",
				"${BUILT_PRODUCTS_DIR}/RealmSwift/RealmSwift.framework",
				"${BUILT_PRODUCTS_DIR}/SwipeCellKit/SwipeCellKit.framework",
			);
			name = "[CP] Embed Pods Frameworks";
			outputPaths = (
				"${TARGET_BUILD_DIR}/${FRAMEWORKS_FOLDER_PATH}/Realm.framework",
				"${TARGET_BUILD_DIR}/${FRAMEWORKS_FOLDER_PATH}/RealmSwift.framework",
				"${TARGET_BUILD_DIR}/${FRAMEWORKS_FOLDER_PATH}/SwipeCellKit.framework",
			);
			runOnlyForDeploymentPostprocessing = 0;
			shellPath = /bin/sh;
			shellScript = "\"${SRCROOT}/Pods/Target Support Files/Pods-Alpaca/Pods-Alpaca-frameworks.sh\"\n";
			showEnvVarsInLog = 0;
		};
		EB2C0BE7515349CD79216B5B /* [CP] Check Pods Manifest.lock */ = {
			isa = PBXShellScriptBuildPhase;
			buildActionMask = 2147483647;
			files = (
			);
			inputPaths = (
				"${PODS_PODFILE_DIR_PATH}/Podfile.lock",
				"${PODS_ROOT}/Manifest.lock",
			);
			name = "[CP] Check Pods Manifest.lock";
			outputPaths = (
				"$(DERIVED_FILE_DIR)/Pods-Alpaca-checkManifestLockResult.txt",
			);
			runOnlyForDeploymentPostprocessing = 0;
			shellPath = /bin/sh;
			shellScript = "diff \"${PODS_PODFILE_DIR_PATH}/Podfile.lock\" \"${PODS_ROOT}/Manifest.lock\" > /dev/null\nif [ $? != 0 ] ; then\n    # print error to STDERR\n    echo \"error: The sandbox is not in sync with the Podfile.lock. Run 'pod install' or update your CocoaPods installation.\" >&2\n    exit 1\nfi\n# This output is used by Xcode 'outputs' to avoid re-running this script phase.\necho \"SUCCESS\" > \"${SCRIPT_OUTPUT_FILE_0}\"\n";
			showEnvVarsInLog = 0;
		};
/* End PBXShellScriptBuildPhase section */

/* Begin PBXSourcesBuildPhase section */
		5D526E8821055B2F00A28131 /* Sources */ = {
			isa = PBXSourcesBuildPhase;
			buildActionMask = 2147483647;
			files = (
				5D526E9221055B2F00A28131 /* SwipeTableViewController.swift in Sources */,
				5D79FE36210D1EF100A72030 /* Event.swift in Sources */,
				5D79FE34210D1E8F00A72030 /* EventItemsTableViewController.swift in Sources */,
				5DBC24E82106DC06006AAE85 /* EventTableViewController.swift in Sources */,
				5D526E9021055B2F00A28131 /* AppDelegate.swift in Sources */,
				5DBC24EA2106DC11006AAE85 /* ListTableViewController.swift in Sources */,
				5D0169BE210BC92F00620EFE /* Item.swift in Sources */,
				5D24BEE9210BC5F50061CDCB /* ListItemsTableViewController.swift in Sources */,
				5D0169BC210BC92300620EFE /* List.swift in Sources */,
			);
			runOnlyForDeploymentPostprocessing = 0;
		};
/* End PBXSourcesBuildPhase section */

/* Begin PBXVariantGroup section */
		5D526E9321055B2F00A28131 /* Main.storyboard */ = {
			isa = PBXVariantGroup;
			children = (
				5D526E9421055B2F00A28131 /* Base */,
			);
			name = Main.storyboard;
			sourceTree = "<group>";
		};
		5D526E9821055B3000A28131 /* LaunchScreen.storyboard */ = {
			isa = PBXVariantGroup;
			children = (
				5D526E9921055B3000A28131 /* Base */,
			);
			name = LaunchScreen.storyboard;
			sourceTree = "<group>";
		};
/* End PBXVariantGroup section */

/* Begin XCBuildConfiguration section */
		5D526E9C21055B3000A28131 /* Debug */ = {
			isa = XCBuildConfiguration;
			buildSettings = {
				ALWAYS_SEARCH_USER_PATHS = NO;
				CLANG_ANALYZER_NONNULL = YES;
				CLANG_ANALYZER_NUMBER_OBJECT_CONVERSION = YES_AGGRESSIVE;
				CLANG_CXX_LANGUAGE_STANDARD = "gnu++14";
				CLANG_CXX_LIBRARY = "libc++";
				CLANG_ENABLE_MODULES = YES;
				CLANG_ENABLE_OBJC_ARC = YES;
				CLANG_ENABLE_OBJC_WEAK = YES;
				CLANG_WARN_BLOCK_CAPTURE_AUTORELEASING = YES;
				CLANG_WARN_BOOL_CONVERSION = YES;
				CLANG_WARN_COMMA = YES;
				CLANG_WARN_CONSTANT_CONVERSION = YES;
				CLANG_WARN_DEPRECATED_OBJC_IMPLEMENTATIONS = YES;
				CLANG_WARN_DIRECT_OBJC_ISA_USAGE = YES_ERROR;
				CLANG_WARN_DOCUMENTATION_COMMENTS = YES;
				CLANG_WARN_EMPTY_BODY = YES;
				CLANG_WARN_ENUM_CONVERSION = YES;
				CLANG_WARN_INFINITE_RECURSION = YES;
				CLANG_WARN_INT_CONVERSION = YES;
				CLANG_WARN_NON_LITERAL_NULL_CONVERSION = YES;
				CLANG_WARN_OBJC_IMPLICIT_RETAIN_SELF = YES;
				CLANG_WARN_OBJC_LITERAL_CONVERSION = YES;
				CLANG_WARN_OBJC_ROOT_CLASS = YES_ERROR;
				CLANG_WARN_RANGE_LOOP_ANALYSIS = YES;
				CLANG_WARN_STRICT_PROTOTYPES = YES;
				CLANG_WARN_SUSPICIOUS_MOVE = YES;
				CLANG_WARN_UNGUARDED_AVAILABILITY = YES_AGGRESSIVE;
				CLANG_WARN_UNREACHABLE_CODE = YES;
				CLANG_WARN__DUPLICATE_METHOD_MATCH = YES;
				CODE_SIGN_IDENTITY = "iPhone Developer";
				COPY_PHASE_STRIP = NO;
				DEBUG_INFORMATION_FORMAT = dwarf;
				ENABLE_STRICT_OBJC_MSGSEND = YES;
				ENABLE_TESTABILITY = YES;
				GCC_C_LANGUAGE_STANDARD = gnu11;
				GCC_DYNAMIC_NO_PIC = NO;
				GCC_NO_COMMON_BLOCKS = YES;
				GCC_OPTIMIZATION_LEVEL = 0;
				GCC_PREPROCESSOR_DEFINITIONS = (
					"DEBUG=1",
					"$(inherited)",
				);
				GCC_WARN_64_TO_32_BIT_CONVERSION = YES;
				GCC_WARN_ABOUT_RETURN_TYPE = YES_ERROR;
				GCC_WARN_UNDECLARED_SELECTOR = YES;
				GCC_WARN_UNINITIALIZED_AUTOS = YES_AGGRESSIVE;
				GCC_WARN_UNUSED_FUNCTION = YES;
				GCC_WARN_UNUSED_VARIABLE = YES;
				IPHONEOS_DEPLOYMENT_TARGET = 11.4;
				MTL_ENABLE_DEBUG_INFO = YES;
				ONLY_ACTIVE_ARCH = YES;
				SDKROOT = iphoneos;
				SWIFT_ACTIVE_COMPILATION_CONDITIONS = DEBUG;
				SWIFT_OPTIMIZATION_LEVEL = "-Onone";
			};
			name = Debug;
		};
		5D526E9D21055B3000A28131 /* Release */ = {
			isa = XCBuildConfiguration;
			buildSettings = {
				ALWAYS_SEARCH_USER_PATHS = NO;
				CLANG_ANALYZER_NONNULL = YES;
				CLANG_ANALYZER_NUMBER_OBJECT_CONVERSION = YES_AGGRESSIVE;
				CLANG_CXX_LANGUAGE_STANDARD = "gnu++14";
				CLANG_CXX_LIBRARY = "libc++";
				CLANG_ENABLE_MODULES = YES;
				CLANG_ENABLE_OBJC_ARC = YES;
				CLANG_ENABLE_OBJC_WEAK = YES;
				CLANG_WARN_BLOCK_CAPTURE_AUTORELEASING = YES;
				CLANG_WARN_BOOL_CONVERSION = YES;
				CLANG_WARN_COMMA = YES;
				CLANG_WARN_CONSTANT_CONVERSION = YES;
				CLANG_WARN_DEPRECATED_OBJC_IMPLEMENTATIONS = YES;
				CLANG_WARN_DIRECT_OBJC_ISA_USAGE = YES_ERROR;
				CLANG_WARN_DOCUMENTATION_COMMENTS = YES;
				CLANG_WARN_EMPTY_BODY = YES;
				CLANG_WARN_ENUM_CONVERSION = YES;
				CLANG_WARN_INFINITE_RECURSION = YES;
				CLANG_WARN_INT_CONVERSION = YES;
				CLANG_WARN_NON_LITERAL_NULL_CONVERSION = YES;
				CLANG_WARN_OBJC_IMPLICIT_RETAIN_SELF = YES;
				CLANG_WARN_OBJC_LITERAL_CONVERSION = YES;
				CLANG_WARN_OBJC_ROOT_CLASS = YES_ERROR;
				CLANG_WARN_RANGE_LOOP_ANALYSIS = YES;
				CLANG_WARN_STRICT_PROTOTYPES = YES;
				CLANG_WARN_SUSPICIOUS_MOVE = YES;
				CLANG_WARN_UNGUARDED_AVAILABILITY = YES_AGGRESSIVE;
				CLANG_WARN_UNREACHABLE_CODE = YES;
				CLANG_WARN__DUPLICATE_METHOD_MATCH = YES;
				CODE_SIGN_IDENTITY = "iPhone Developer";
				COPY_PHASE_STRIP = NO;
				DEBUG_INFORMATION_FORMAT = "dwarf-with-dsym";
				ENABLE_NS_ASSERTIONS = NO;
				ENABLE_STRICT_OBJC_MSGSEND = YES;
				GCC_C_LANGUAGE_STANDARD = gnu11;
				GCC_NO_COMMON_BLOCKS = YES;
				GCC_WARN_64_TO_32_BIT_CONVERSION = YES;
				GCC_WARN_ABOUT_RETURN_TYPE = YES_ERROR;
				GCC_WARN_UNDECLARED_SELECTOR = YES;
				GCC_WARN_UNINITIALIZED_AUTOS = YES_AGGRESSIVE;
				GCC_WARN_UNUSED_FUNCTION = YES;
				GCC_WARN_UNUSED_VARIABLE = YES;
				IPHONEOS_DEPLOYMENT_TARGET = 11.4;
				MTL_ENABLE_DEBUG_INFO = NO;
				SDKROOT = iphoneos;
				SWIFT_COMPILATION_MODE = wholemodule;
				SWIFT_OPTIMIZATION_LEVEL = "-O";
				VALIDATE_PRODUCT = YES;
			};
			name = Release;
		};
		5D526E9F21055B3000A28131 /* Debug */ = {
			isa = XCBuildConfiguration;
			baseConfigurationReference = D57CC8F2B9F8A36B8AC7E1D1 /* Pods-Alpaca.debug.xcconfig */;
			buildSettings = {
				ASSETCATALOG_COMPILER_APPICON_NAME = AppIcon;
				CODE_SIGN_STYLE = Automatic;
				DEVELOPMENT_TEAM = Y2VA5J3TLH;
				INFOPLIST_FILE = Alpaca/Info.plist;
				LD_RUNPATH_SEARCH_PATHS = (
					"$(inherited)",
					"@executable_path/Frameworks",
				);
				PRODUCT_BUNDLE_IDENTIFIER = com.pauldickey.Alpaca;
				PRODUCT_NAME = "$(TARGET_NAME)";
				SWIFT_VERSION = 4.0;
				TARGETED_DEVICE_FAMILY = "1,2";
			};
			name = Debug;
		};
		5D526EA021055B3000A28131 /* Release */ = {
			isa = XCBuildConfiguration;
			baseConfigurationReference = B03258CCDA21EF2DDF1F0919 /* Pods-Alpaca.release.xcconfig */;
			buildSettings = {
				ASSETCATALOG_COMPILER_APPICON_NAME = AppIcon;
				CODE_SIGN_STYLE = Automatic;
				DEVELOPMENT_TEAM = Y2VA5J3TLH;
				INFOPLIST_FILE = Alpaca/Info.plist;
				LD_RUNPATH_SEARCH_PATHS = (
					"$(inherited)",
					"@executable_path/Frameworks",
				);
				PRODUCT_BUNDLE_IDENTIFIER = com.pauldickey.Alpaca;
				PRODUCT_NAME = "$(TARGET_NAME)";
				SWIFT_VERSION = 4.0;
				TARGETED_DEVICE_FAMILY = "1,2";
			};
			name = Release;
		};
/* End XCBuildConfiguration section */

/* Begin XCConfigurationList section */
		5D526E8721055B2F00A28131 /* Build configuration list for PBXProject "Alpaca" */ = {
			isa = XCConfigurationList;
			buildConfigurations = (
				5D526E9C21055B3000A28131 /* Debug */,
				5D526E9D21055B3000A28131 /* Release */,
			);
			defaultConfigurationIsVisible = 0;
			defaultConfigurationName = Release;
		};
		5D526E9E21055B3000A28131 /* Build configuration list for PBXNativeTarget "Alpaca" */ = {
			isa = XCConfigurationList;
			buildConfigurations = (
				5D526E9F21055B3000A28131 /* Debug */,
				5D526EA021055B3000A28131 /* Release */,
			);
			defaultConfigurationIsVisible = 0;
			defaultConfigurationName = Release;
		};
/* End XCConfigurationList section */
	};
	rootObject = 5D526E8421055B2F00A28131 /* Project object */;
}
